
Microsoft Visual Studio Solution File, Format Version 12.00
# Visual Studio Version 17
VisualStudioVersion = 17.8.34511.84
MinimumVisualStudioVersion = 10.0.40219.1
Project("{FAE04EC0-301F-11D3-BF4B-00C04F79EFBC}") = "BackendApiV2", "BackendApiV2\BackendApiV2.csproj", "{B528823D-7D51-45A5-AB31-6EEF9B2E800C}"
EndProject
Global
	GlobalSection(SolutionConfigurationPlatforms) = preSolution
		Debug|Any CPU = Debug|Any CPU
		Release|Any CPU = Release|Any CPU
	EndGlobalSection
	GlobalSection(ProjectConfigurationPlatforms) = postSolution
		{B528823D-7D51-45A5-AB31-6EEF9B2E800C}.Debug|Any CPU.ActiveCfg = Debug|Any CPU
		{B528823D-7D51-45A5-AB31-6EEF9B2E800C}.Debug|Any CPU.Build.0 = Debug|Any CPU
		{B528823D-7D51-45A5-AB31-6EEF9B2E800C}.Release|Any CPU.ActiveCfg = Release|Any CPU
		{B528823D-7D51-45A5-AB31-6EEF9B2E800C}.Release|Any CPU.Build.0 = Release|Any CPU
	EndGlobalSection
	GlobalSection(SolutionProperties) = preSolution
		HideSolutionNode = FALSE
	EndGlobalSection
	GlobalSection(ExtensibilityGlobals) = postSolution
		SolutionGuid = {366B14CF-478B-44AF-B452-20631895322A}
	EndGlobalSection
EndGlobal
